{
  "name": "VoiceoverV3.1",
  "lockfileVersion": 3,
  "requires": true,
  "packages": {
    "": {
      "dependencies": {
        "@wavesurfer/react": "^1.0.11",
        "wavesurfer.js": "^7.9.9"
      }
    },
    "node_modules/@wavesurfer/react": {
      "version": "1.0.11",
      "resolved": "https://registry.npmjs.org/@wavesurfer/react/-/react-1.0.11.tgz",
      "integrity": "sha512-DRpaA3MRTKy4Jby12xvoHASa+w31FZtxaqanXcJjfqNqfamkKi8VJfRnz+Uub9LkpdgoAc3g5SuZF75lEcGgzQ==",
      "license": "BSD-3-Clause",
      "peerDependencies": {
        "react": "^18.2.0 || ^19.0.0",
        "wavesurfer.js": ">=7.7.14"
      }
    },
    "node_modules/react": {
      "version": "19.1.0",
      "resolved": "https://registry.npmjs.org/react/-/react-19.1.0.tgz",
      "integrity": "sha512-FS+XFBNvn3GTAWq26joslQgWNoFu08F4kl0J4CgdNKADkdSGXQyTCnKteIAJy96Br6YbpEU1LSzV5dYtjMkMDg==",
      "license": "MIT",
      "peer": true,
      "engines": {
        "node": ">=0.10.0"
      }
    },
    "node_modules/wavesurfer.js": {
      "version": "7.9.9",
      "resolved": "https://registry.npmjs.org/wavesurfer.js/-/wavesurfer.js-7.9.9.tgz",
      "integrity": "sha512-8O/zu+RC7yjikxiuhsXzRZ8vvjV+Qq4PUKZBQsLLcq6fqbrSF3Vh99l7fT8zeEjKjDBNH2Qxsxq5mRJIuBmM3Q==",
      "license": "BSD-3-Clause"
    }
  }
}
